
Microsoft Visual Studio Solution File, Format Version 12.00
# Visual Studio Version 16
VisualStudioVersion = 16.0.30114.105
MinimumVisualStudioVersion = 10.0.40219.1
Project("{2150E333-8FDC-42A3-9474-1A3956D46DE8}") = "src", "src", "{C4A7481B-6C6F-493E-806C-9CEB2AF105BF}"
EndProject
Project("{FAE04EC0-301F-11D3-BF4B-00C04F79EFBC}") = "WebApp", "src\WebApp\WebApp.csproj", "{F5A0DB0B-BD8F-4947-B6CC-7280EE937955}"
EndProject
Project("{2150E333-8FDC-42A3-9474-1A3956D46DE8}") = "test", "test", "{E7201AE1-DC15-41A9-93C4-3F6C9E9C9E65}"
EndProject
Project("{FAE04EC0-301F-11D3-BF4B-00C04F79EFBC}") = "WebApp.Tests", "test\WebApp.Tests\WebApp.Tests.csproj", "{2771DF84-09D5-4A3C-8A42-88AD89557D19}"
EndProject
Global
	GlobalSection(SolutionConfigurationPlatforms) = preSolution
		Debug|Any CPU = Debug|Any CPU
		Release|Any CPU = Release|Any CPU
	EndGlobalSection
	GlobalSection(SolutionProperties) = preSolution
		HideSolutionNode = FALSE
	EndGlobalSection
	GlobalSection(ProjectConfigurationPlatforms) = postSolution
		{F5A0DB0B-BD8F-4947-B6CC-7280EE937955}.Debug|Any CPU.ActiveCfg = Debug|Any CPU
		{F5A0DB0B-BD8F-4947-B6CC-7280EE937955}.Debug|Any CPU.Build.0 = Debug|Any CPU
		{F5A0DB0B-BD8F-4947-B6CC-7280EE937955}.Release|Any CPU.ActiveCfg = Release|Any CPU
		{F5A0DB0B-BD8F-4947-B6CC-7280EE937955}.Release|Any CPU.Build.0 = Release|Any CPU
		{2771DF84-09D5-4A3C-8A42-88AD89557D19}.Debug|Any CPU.ActiveCfg = Debug|Any CPU
		{2771DF84-09D5-4A3C-8A42-88AD89557D19}.Debug|Any CPU.Build.0 = Debug|Any CPU
		{2771DF84-09D5-4A3C-8A42-88AD89557D19}.Release|Any CPU.ActiveCfg = Release|Any CPU
		{2771DF84-09D5-4A3C-8A42-88AD89557D19}.Release|Any CPU.Build.0 = Release|Any CPU
	EndGlobalSection
	GlobalSection(NestedProjects) = preSolution
		{F5A0DB0B-BD8F-4947-B6CC-7280EE937955} = {C4A7481B-6C6F-493E-806C-9CEB2AF105BF}
		{2771DF84-09D5-4A3C-8A42-88AD89557D19} = {E7201AE1-DC15-41A9-93C4-3F6C9E9C9E65}
	EndGlobalSection
EndGlobal
